// !$*UTF8*$!
{
	archiveVersion = 1;
	classes = {
	};
	objectVersion = 50;
	objects = {

/* Begin PBXBuildFile section */
		17A940F822A56835004B9054 /* AppDelegate.swift in Sources */ = {isa = PBXBuildFile; fileRef = 17A940F722A56835004B9054 /* AppDelegate.swift */; };
		17A9410222A56836004B9054 /* LaunchScreen.storyboard in Resources */ = {isa = PBXBuildFile; fileRef = 17A9410022A56836004B9054 /* LaunchScreen.storyboard */; };
		17A9410B22A570F0004B9054 /* Pacifico-Regular.ttf in Resources */ = {isa = PBXBuildFile; fileRef = 17A9410A22A570F0004B9054 /* Pacifico-Regular.ttf */; };
		17BDA3D822A5B8680044792D /* AppCoordinator.swift in Sources */ = {isa = PBXBuildFile; fileRef = 17BDA3D722A5B8680044792D /* AppCoordinator.swift */; };
		17BDA3DD22A5D3270044792D /* Images.xcassets in Resources */ = {isa = PBXBuildFile; fileRef = 17BDA3DC22A5D3270044792D /* Images.xcassets */; };
		17BDA3E522A5FB2E0044792D /* Colors.swift in Sources */ = {isa = PBXBuildFile; fileRef = 17BDA3E422A5FB2E0044792D /* Colors.swift */; };
		17BDA3E922A600F80044792D /* Fonts.swift in Sources */ = {isa = PBXBuildFile; fileRef = 17BDA3E722A600F80044792D /* Fonts.swift */; };
		17BDA3EA22A600F80044792D /* ImageAssets.swift in Sources */ = {isa = PBXBuildFile; fileRef = 17BDA3E822A600F80044792D /* ImageAssets.swift */; };
/* End PBXBuildFile section */

/* Begin PBXFileReference section */
		17A940F422A56835004B9054 /* Lodjinha.app */ = {isa = PBXFileReference; explicitFileType = wrapper.application; includeInIndex = 0; path = Lodjinha.app; sourceTree = BUILT_PRODUCTS_DIR; };
		17A940F722A56835004B9054 /* AppDelegate.swift */ = {isa = PBXFileReference; lastKnownFileType = sourcecode.swift; path = AppDelegate.swift; sourceTree = "<group>"; };
		17A9410122A56836004B9054 /* Base */ = {isa = PBXFileReference; lastKnownFileType = file.storyboard; name = Base; path = Base.lproj/LaunchScreen.storyboard; sourceTree = "<group>"; };
		17A9410322A56836004B9054 /* Info.plist */ = {isa = PBXFileReference; lastKnownFileType = text.plist.xml; path = Info.plist; sourceTree = "<group>"; };
		17A9410A22A570F0004B9054 /* Pacifico-Regular.ttf */ = {isa = PBXFileReference; lastKnownFileType = file; path = "Pacifico-Regular.ttf"; sourceTree = "<group>"; };
		17BDA3D722A5B8680044792D /* AppCoordinator.swift */ = {isa = PBXFileReference; lastKnownFileType = sourcecode.swift; path = AppCoordinator.swift; sourceTree = "<group>"; };
		17BDA3DC22A5D3270044792D /* Images.xcassets */ = {isa = PBXFileReference; lastKnownFileType = folder.assetcatalog; path = Images.xcassets; sourceTree = "<group>"; };
		17BDA3E422A5FB2E0044792D /* Colors.swift */ = {isa = PBXFileReference; lastKnownFileType = sourcecode.swift; path = Colors.swift; sourceTree = "<group>"; };
		17BDA3E722A600F80044792D /* Fonts.swift */ = {isa = PBXFileReference; fileEncoding = 4; lastKnownFileType = sourcecode.swift; path = Fonts.swift; sourceTree = "<group>"; };
		17BDA3E822A600F80044792D /* ImageAssets.swift */ = {isa = PBXFileReference; fileEncoding = 4; lastKnownFileType = sourcecode.swift; path = ImageAssets.swift; sourceTree = "<group>"; };
/* End PBXFileReference section */

/* Begin PBXFrameworksBuildPhase section */
		17A940F122A56835004B9054 /* Frameworks */ = {
			isa = PBXFrameworksBuildPhase;
			buildActionMask = 2147483647;
			files = (
			);
			runOnlyForDeploymentPostprocessing = 0;
		};
/* End PBXFrameworksBuildPhase section */

/* Begin PBXGroup section */
		17A940EB22A56834004B9054 = {
			isa = PBXGroup;
			children = (
				17A940F622A56835004B9054 /* Lodjinha */,
				17A940F522A56835004B9054 /* Products */,
			);
			sourceTree = "<group>";
		};
		17A940F522A56835004B9054 /* Products */ = {
			isa = PBXGroup;
			children = (
				17A940F422A56835004B9054 /* Lodjinha.app */,
			);
			name = Products;
			sourceTree = "<group>";
		};
		17A940F622A56835004B9054 /* Lodjinha */ = {
			isa = PBXGroup;
			children = (
				17A940F722A56835004B9054 /* AppDelegate.swift */,
				17BDA3D722A5B8680044792D /* AppCoordinator.swift */,
				17BDA3DB22A5D2FF0044792D /* Resources */,
				17A9410922A5688E004B9054 /* SupportingFiles */,
			);
			path = Lodjinha;
			sourceTree = "<group>";
		};
		17A9410922A5688E004B9054 /* SupportingFiles */ = {
			isa = PBXGroup;
			children = (
				17A9410322A56836004B9054 /* Info.plist */,
				17A9410022A56836004B9054 /* LaunchScreen.storyboard */,
			);
			path = SupportingFiles;
			sourceTree = "<group>";
		};
		17BDA3DB22A5D2FF0044792D /* Resources */ = {
			isa = PBXGroup;
			children = (
				17BDA3E022A5F6750044792D /* Generated */,
				17BDA3E422A5FB2E0044792D /* Colors.swift */,
				17BDA3DC22A5D3270044792D /* Images.xcassets */,
				17A9410A22A570F0004B9054 /* Pacifico-Regular.ttf */,
			);
			path = Resources;
			sourceTree = "<group>";
		};
		17BDA3E022A5F6750044792D /* Generated */ = {
			isa = PBXGroup;
			children = (
				17BDA3E722A600F80044792D /* Fonts.swift */,
				17BDA3E822A600F80044792D /* ImageAssets.swift */,
			);
			path = Generated;
			sourceTree = "<group>";
		};
/* End PBXGroup section */

/* Begin PBXNativeTarget section */
		17A940F322A56835004B9054 /* Lodjinha */ = {
			isa = PBXNativeTarget;
			buildConfigurationList = 17A9410622A56836004B9054 /* Build configuration list for PBXNativeTarget "Lodjinha" */;
			buildPhases = (
				17BDA3E122A5F69E0044792D /* SwiftGen */,
				17A940F022A56835004B9054 /* Sources */,
				17A940F122A56835004B9054 /* Frameworks */,
				17A940F222A56835004B9054 /* Resources */,
				17A9410C22A5B165004B9054 /* SwiftLint */,
			);
			buildRules = (
			);
			dependencies = (
			);
			name = Lodjinha;
			productName = Lodjinha;
			productReference = 17A940F422A56835004B9054 /* Lodjinha.app */;
			productType = "com.apple.product-type.application";
		};
/* End PBXNativeTarget section */

/* Begin PBXProject section */
		17A940EC22A56834004B9054 /* Project object */ = {
			isa = PBXProject;
			attributes = {
				LastSwiftUpdateCheck = 1020;
				LastUpgradeCheck = 1020;
				ORGANIZATIONNAME = "Guilherme Bayma";
				TargetAttributes = {
					17A940F322A56835004B9054 = {
						CreatedOnToolsVersion = 10.2.1;
					};
				};
			};
			buildConfigurationList = 17A940EF22A56834004B9054 /* Build configuration list for PBXProject "Lodjinha" */;
			compatibilityVersion = "Xcode 9.3";
			developmentRegion = en;
			hasScannedForEncodings = 0;
			knownRegions = (
				en,
				Base,
			);
			mainGroup = 17A940EB22A56834004B9054;
			productRefGroup = 17A940F522A56835004B9054 /* Products */;
			projectDirPath = "";
			projectRoot = "";
			targets = (
				17A940F322A56835004B9054 /* Lodjinha */,
			);
		};
/* End PBXProject section */

/* Begin PBXResourcesBuildPhase section */
		17A940F222A56835004B9054 /* Resources */ = {
			isa = PBXResourcesBuildPhase;
			buildActionMask = 2147483647;
			files = (
				17A9410B22A570F0004B9054 /* Pacifico-Regular.ttf in Resources */,
				17BDA3DD22A5D3270044792D /* Images.xcassets in Resources */,
				17A9410222A56836004B9054 /* LaunchScreen.storyboard in Resources */,
			);
			runOnlyForDeploymentPostprocessing = 0;
		};
/* End PBXResourcesBuildPhase section */

/* Begin PBXShellScriptBuildPhase section */
		17A9410C22A5B165004B9054 /* SwiftLint */ = {
			isa = PBXShellScriptBuildPhase;
			buildActionMask = 2147483647;
			files = (
			);
			inputFileListPaths = (
			);
			inputPaths = (
			);
			name = SwiftLint;
			outputFileListPaths = (
			);
			outputPaths = (
			);
			runOnlyForDeploymentPostprocessing = 0;
			shellPath = /bin/sh;
			shellScript = "mint run swiftlint swiftlint\n";
		};
		17BDA3E122A5F69E0044792D /* SwiftGen */ = {
			isa = PBXShellScriptBuildPhase;
			buildActionMask = 2147483647;
			files = (
			);
			inputFileListPaths = (
			);
			inputPaths = (
				"$(SRCROOT)/Lodjinha/Resources/Images.xcassets",
				"$(SRCROOT)/Lodjinha/Resources/Pacifico-Regular.ttf",
			);
			name = SwiftGen;
			outputFileListPaths = (
			);
			outputPaths = (
				"$(SRCROOT)/Lodjinha/Resources/Generated/ImageAssets.swift",
				"$(SRCROOT)/Lodjinha/Resources/Generated/Fonts.swift",
			);
			runOnlyForDeploymentPostprocessing = 0;
			shellPath = /bin/sh;
			shellScript = "mint run swiftgen swiftgen config run\n";
		};
/* End PBXShellScriptBuildPhase section */

/* Begin PBXSourcesBuildPhase section */
		17A940F022A56835004B9054 /* Sources */ = {
			isa = PBXSourcesBuildPhase;
			buildActionMask = 2147483647;
			files = (
				17BDA3EA22A600F80044792D /* ImageAssets.swift in Sources */,
				17BDA3E922A600F80044792D /* Fonts.swift in Sources */,
				17BDA3D822A5B8680044792D /* AppCoordinator.swift in Sources */,
				17BDA3E522A5FB2E0044792D /* Colors.swift in Sources */,
				17A940F822A56835004B9054 /* AppDelegate.swift in Sources */,
			);
			runOnlyForDeploymentPostprocessing = 0;
		};
/* End PBXSourcesBuildPhase section */

/* Begin PBXVariantGroup section */
		17A9410022A56836004B9054 /* LaunchScreen.storyboard */ = {
			isa = PBXVariantGroup;
			children = (
				17A9410122A56836004B9054 /* Base */,
			);
			name = LaunchScreen.storyboard;
			sourceTree = "<group>";
		};
/* End PBXVariantGroup section */

/* Begin XCBuildConfiguration section */
		17A9410422A56836004B9054 /* Debug */ = {
			isa = XCBuildConfiguration;
			buildSettings = {
				ALWAYS_SEARCH_USER_PATHS = NO;
				CLANG_ANALYZER_NONNULL = YES;
				CLANG_ANALYZER_NUMBER_OBJECT_CONVERSION = YES_AGGRESSIVE;
				CLANG_CXX_LANGUAGE_STANDARD = "gnu++14";
				CLANG_CXX_LIBRARY = "libc++";
				CLANG_ENABLE_MODULES = YES;
				CLANG_ENABLE_OBJC_ARC = YES;
				CLANG_ENABLE_OBJC_WEAK = YES;
				CLANG_WARN_BLOCK_CAPTURE_AUTORELEASING = YES;
				CLANG_WARN_BOOL_CONVERSION = YES;
				CLANG_WARN_COMMA = YES;
				CLANG_WARN_CONSTANT_CONVERSION = YES;
				CLANG_WARN_DEPRECATED_OBJC_IMPLEMENTATIONS = YES;
				CLANG_WARN_DIRECT_OBJC_ISA_USAGE = YES_ERROR;
				CLANG_WARN_DOCUMENTATION_COMMENTS = YES;
				CLANG_WARN_EMPTY_BODY = YES;
				CLANG_WARN_ENUM_CONVERSION = YES;
				CLANG_WARN_INFINITE_RECURSION = YES;
				CLANG_WARN_INT_CONVERSION = YES;
				CLANG_WARN_NON_LITERAL_NULL_CONVERSION = YES;
				CLANG_WARN_OBJC_IMPLICIT_RETAIN_SELF = YES;
				CLANG_WARN_OBJC_LITERAL_CONVERSION = YES;
				CLANG_WARN_OBJC_ROOT_CLASS = YES_ERROR;
				CLANG_WARN_RANGE_LOOP_ANALYSIS = YES;
				CLANG_WARN_STRICT_PROTOTYPES = YES;
				CLANG_WARN_SUSPICIOUS_MOVE = YES;
				CLANG_WARN_UNGUARDED_AVAILABILITY = YES_AGGRESSIVE;
				CLANG_WARN_UNREACHABLE_CODE = YES;
				CLANG_WARN__DUPLICATE_METHOD_MATCH = YES;
				CODE_SIGN_IDENTITY = "iPhone Developer";
				COPY_PHASE_STRIP = NO;
				DEBUG_INFORMATION_FORMAT = dwarf;
				ENABLE_STRICT_OBJC_MSGSEND = YES;
				ENABLE_TESTABILITY = YES;
				GCC_C_LANGUAGE_STANDARD = gnu11;
				GCC_DYNAMIC_NO_PIC = NO;
				GCC_NO_COMMON_BLOCKS = YES;
				GCC_OPTIMIZATION_LEVEL = 0;
				GCC_PREPROCESSOR_DEFINITIONS = (
					"DEBUG=1",
					"$(inherited)",
				);
				GCC_WARN_64_TO_32_BIT_CONVERSION = YES;
				GCC_WARN_ABOUT_RETURN_TYPE = YES_ERROR;
				GCC_WARN_UNDECLARED_SELECTOR = YES;
				GCC_WARN_UNINITIALIZED_AUTOS = YES_AGGRESSIVE;
				GCC_WARN_UNUSED_FUNCTION = YES;
				GCC_WARN_UNUSED_VARIABLE = YES;
				IPHONEOS_DEPLOYMENT_TARGET = 9.0;
				MTL_ENABLE_DEBUG_INFO = INCLUDE_SOURCE;
				MTL_FAST_MATH = YES;
				ONLY_ACTIVE_ARCH = YES;
				SDKROOT = iphoneos;
				SWIFT_ACTIVE_COMPILATION_CONDITIONS = DEBUG;
				SWIFT_OPTIMIZATION_LEVEL = "-Onone";
			};
			name = Debug;
		};
		17A9410522A56836004B9054 /* Release */ = {
			isa = XCBuildConfiguration;
			buildSettings = {
				ALWAYS_SEARCH_USER_PATHS = NO;
				CLANG_ANALYZER_NONNULL = YES;
				CLANG_ANALYZER_NUMBER_OBJECT_CONVERSION = YES_AGGRESSIVE;
				CLANG_CXX_LANGUAGE_STANDARD = "gnu++14";
				CLANG_CXX_LIBRARY = "libc++";
				CLANG_ENABLE_MODULES = YES;
				CLANG_ENABLE_OBJC_ARC = YES;
				CLANG_ENABLE_OBJC_WEAK = YES;
				CLANG_WARN_BLOCK_CAPTURE_AUTORELEASING = YES;
				CLANG_WARN_BOOL_CONVERSION = YES;
				CLANG_WARN_COMMA = YES;
				CLANG_WARN_CONSTANT_CONVERSION = YES;
				CLANG_WARN_DEPRECATED_OBJC_IMPLEMENTATIONS = YES;
				CLANG_WARN_DIRECT_OBJC_ISA_USAGE = YES_ERROR;
				CLANG_WARN_DOCUMENTATION_COMMENTS = YES;
				CLANG_WARN_EMPTY_BODY = YES;
				CLANG_WARN_ENUM_CONVERSION = YES;
				CLANG_WARN_INFINITE_RECURSION = YES;
				CLANG_WARN_INT_CONVERSION = YES;
				CLANG_WARN_NON_LITERAL_NULL_CONVERSION = YES;
				CLANG_WARN_OBJC_IMPLICIT_RETAIN_SELF = YES;
				CLANG_WARN_OBJC_LITERAL_CONVERSION = YES;
				CLANG_WARN_OBJC_ROOT_CLASS = YES_ERROR;
				CLANG_WARN_RANGE_LOOP_ANALYSIS = YES;
				CLANG_WARN_STRICT_PROTOTYPES = YES;
				CLANG_WARN_SUSPICIOUS_MOVE = YES;
				CLANG_WARN_UNGUARDED_AVAILABILITY = YES_AGGRESSIVE;
				CLANG_WARN_UNREACHABLE_CODE = YES;
				CLANG_WARN__DUPLICATE_METHOD_MATCH = YES;
				CODE_SIGN_IDENTITY = "iPhone Developer";
				COPY_PHASE_STRIP = NO;
				DEBUG_INFORMATION_FORMAT = "dwarf-with-dsym";
				ENABLE_NS_ASSERTIONS = NO;
				ENABLE_STRICT_OBJC_MSGSEND = YES;
				GCC_C_LANGUAGE_STANDARD = gnu11;
				GCC_NO_COMMON_BLOCKS = YES;
				GCC_WARN_64_TO_32_BIT_CONVERSION = YES;
				GCC_WARN_ABOUT_RETURN_TYPE = YES_ERROR;
				GCC_WARN_UNDECLARED_SELECTOR = YES;
				GCC_WARN_UNINITIALIZED_AUTOS = YES_AGGRESSIVE;
				GCC_WARN_UNUSED_FUNCTION = YES;
				GCC_WARN_UNUSED_VARIABLE = YES;
				IPHONEOS_DEPLOYMENT_TARGET = 9.0;
				MTL_ENABLE_DEBUG_INFO = NO;
				MTL_FAST_MATH = YES;
				SDKROOT = iphoneos;
				SWIFT_COMPILATION_MODE = wholemodule;
				SWIFT_OPTIMIZATION_LEVEL = "-O";
				VALIDATE_PRODUCT = YES;
			};
			name = Release;
		};
		17A9410722A56836004B9054 /* Debug */ = {
			isa = XCBuildConfiguration;
			buildSettings = {
				ASSETCATALOG_COMPILER_APPICON_NAME = AppIcon;
				CODE_SIGN_STYLE = Automatic;
				DEVELOPMENT_TEAM = "";
				INFOPLIST_FILE = "$(SRCROOT)/Lodjinha/SupportingFiles/Info.plist";
				IPHONEOS_DEPLOYMENT_TARGET = 9.0;
				LD_RUNPATH_SEARCH_PATHS = (
					"$(inherited)",
					"@executable_path/Frameworks",
				);
				PRODUCT_BUNDLE_IDENTIFIER = br.com.bayma.Lodjinha;
				PRODUCT_NAME = "$(TARGET_NAME)";
				SWIFT_VERSION = 5.0;
				TARGETED_DEVICE_FAMILY = "1,2";
			};
			name = Debug;
		};
		17A9410822A56836004B9054 /* Release */ = {
			isa = XCBuildConfiguration;
			buildSettings = {
				ASSETCATALOG_COMPILER_APPICON_NAME = AppIcon;
				CODE_SIGN_STYLE = Automatic;
				DEVELOPMENT_TEAM = "";
				INFOPLIST_FILE = "$(SRCROOT)/Lodjinha/SupportingFiles/Info.plist";
				IPHONEOS_DEPLOYMENT_TARGET = 9.0;
				LD_RUNPATH_SEARCH_PATHS = (
					"$(inherited)",
					"@executable_path/Frameworks",
				);
				PRODUCT_BUNDLE_IDENTIFIER = br.com.bayma.Lodjinha;
				PRODUCT_NAME = "$(TARGET_NAME)";
				SWIFT_VERSION = 5.0;
				TARGETED_DEVICE_FAMILY = "1,2";
			};
			name = Release;
		};
/* End XCBuildConfiguration section */

/* Begin XCConfigurationList section */
		17A940EF22A56834004B9054 /* Build configuration list for PBXProject "Lodjinha" */ = {
			isa = XCConfigurationList;
			buildConfigurations = (
				17A9410422A56836004B9054 /* Debug */,
				17A9410522A56836004B9054 /* Release */,
			);
			defaultConfigurationIsVisible = 0;
			defaultConfigurationName = Release;
		};
		17A9410622A56836004B9054 /* Build configuration list for PBXNativeTarget "Lodjinha" */ = {
			isa = XCConfigurationList;
			buildConfigurations = (
				17A9410722A56836004B9054 /* Debug */,
				17A9410822A56836004B9054 /* Release */,
			);
			defaultConfigurationIsVisible = 0;
			defaultConfigurationName = Release;
		};
/* End XCConfigurationList section */
	};
	rootObject = 17A940EC22A56834004B9054 /* Project object */;
}
