// !$*UTF8*$!
{
	archiveVersion = 1;
	classes = {
	};
	objectVersion = 50;
	objects = {

/* Begin PBXBuildFile section */
		17A940F822A56835004B9054 /* AppDelegate.swift in Sources */ = {isa = PBXBuildFile; fileRef = 17A940F722A56835004B9054 /* AppDelegate.swift */; };
		17A9410222A56836004B9054 /* LaunchScreen.storyboard in Resources */ = {isa = PBXBuildFile; fileRef = 17A9410022A56836004B9054 /* LaunchScreen.storyboard */; };
		17A9410B22A570F0004B9054 /* Pacifico-Regular.ttf in Resources */ = {isa = PBXBuildFile; fileRef = 17A9410A22A570F0004B9054 /* Pacifico-Regular.ttf */; };
		17BDA3D822A5B8680044792D /* AppCoordinator.swift in Sources */ = {isa = PBXBuildFile; fileRef = 17BDA3D722A5B8680044792D /* AppCoordinator.swift */; };
		17BDA3E522A5FB2E0044792D /* Colors.swift in Sources */ = {isa = PBXBuildFile; fileRef = 17BDA3E422A5FB2E0044792D /* Colors.swift */; };
		17BDA3E922A600F80044792D /* Fonts.swift in Sources */ = {isa = PBXBuildFile; fileRef = 17BDA3E722A600F80044792D /* Fonts.swift */; };
		17BDA3EA22A600F80044792D /* ImageAssets.swift in Sources */ = {isa = PBXBuildFile; fileRef = 17BDA3E822A600F80044792D /* ImageAssets.swift */; };
		17BDA41022A60F2E0044792D /* Localizable.strings in Resources */ = {isa = PBXBuildFile; fileRef = 17BDA40E22A60F2E0044792D /* Localizable.strings */; };
		17BDA41322A6104A0044792D /* LocalizableStrings.swift in Sources */ = {isa = PBXBuildFile; fileRef = 17BDA41222A6104A0044792D /* LocalizableStrings.swift */; };
		17BDA41922A6CE560044792D /* AboutViewController.swift in Sources */ = {isa = PBXBuildFile; fileRef = 17BDA41822A6CE560044792D /* AboutViewController.swift */; };
		17BDA41B22A6CE660044792D /* AboutView.swift in Sources */ = {isa = PBXBuildFile; fileRef = 17BDA41A22A6CE660044792D /* AboutView.swift */; };
		17BDA41D22A6CECB0044792D /* UIView+Anchors.swift in Sources */ = {isa = PBXBuildFile; fileRef = 17BDA41C22A6CECB0044792D /* UIView+Anchors.swift */; };
		17BDA41F22A6E7B40044792D /* UINavigationController+Extensions.swift in Sources */ = {isa = PBXBuildFile; fileRef = 17BDA41E22A6E7B40044792D /* UINavigationController+Extensions.swift */; };
		17BDA43622A704DA0044792D /* FBSnapshotTestCase.framework in Frameworks */ = {isa = PBXBuildFile; fileRef = 17BDA43222A704DA0044792D /* FBSnapshotTestCase.framework */; };
		17BDA43722A704DA0044792D /* Nimble_Snapshots.framework in Frameworks */ = {isa = PBXBuildFile; fileRef = 17BDA43322A704DA0044792D /* Nimble_Snapshots.framework */; };
		17BDA43822A704DA0044792D /* Nimble.framework in Frameworks */ = {isa = PBXBuildFile; fileRef = 17BDA43422A704DA0044792D /* Nimble.framework */; };
		17BDA43922A704DA0044792D /* Quick.framework in Frameworks */ = {isa = PBXBuildFile; fileRef = 17BDA43522A704DA0044792D /* Quick.framework */; };
		17BDA43B22A705150044792D /* FBSnapshotTestCase.framework in CopyFiles */ = {isa = PBXBuildFile; fileRef = 17BDA43222A704DA0044792D /* FBSnapshotTestCase.framework */; settings = {ATTRIBUTES = (CodeSignOnCopy, RemoveHeadersOnCopy, ); }; };
		17BDA43C22A705150044792D /* Nimble_Snapshots.framework in CopyFiles */ = {isa = PBXBuildFile; fileRef = 17BDA43322A704DA0044792D /* Nimble_Snapshots.framework */; settings = {ATTRIBUTES = (CodeSignOnCopy, RemoveHeadersOnCopy, ); }; };
		17BDA43D22A705150044792D /* Nimble.framework in CopyFiles */ = {isa = PBXBuildFile; fileRef = 17BDA43422A704DA0044792D /* Nimble.framework */; settings = {ATTRIBUTES = (CodeSignOnCopy, RemoveHeadersOnCopy, ); }; };
		17BDA43E22A705150044792D /* Quick.framework in CopyFiles */ = {isa = PBXBuildFile; fileRef = 17BDA43522A704DA0044792D /* Quick.framework */; settings = {ATTRIBUTES = (CodeSignOnCopy, RemoveHeadersOnCopy, ); }; };
		17BDA44222A7063E0044792D /* main.swift in Sources */ = {isa = PBXBuildFile; fileRef = 17BDA44122A7063E0044792D /* main.swift */; };
		17BDA44722A709A80044792D /* AppCoordinatorSpec.swift in Sources */ = {isa = PBXBuildFile; fileRef = 17BDA44622A709A80044792D /* AppCoordinatorSpec.swift */; };
		17BDA44A22A711FE0044792D /* AboutViewControllerSpec.swift in Sources */ = {isa = PBXBuildFile; fileRef = 17BDA44922A711FE0044792D /* AboutViewControllerSpec.swift */; };
		17BDA44C22A7142C0044792D /* Snapshots in Resources */ = {isa = PBXBuildFile; fileRef = 17BDA44B22A7142C0044792D /* Snapshots */; };
		17BDA44E22A82B8A0044792D /* AboutCoordinator.swift in Sources */ = {isa = PBXBuildFile; fileRef = 17BDA44D22A82B8A0044792D /* AboutCoordinator.swift */; };
		17BDA45122A84E100044792D /* HomeCoordinator.swift in Sources */ = {isa = PBXBuildFile; fileRef = 17BDA45022A84E100044792D /* HomeCoordinator.swift */; };
		17BDA45422A84FA90044792D /* AboutCoordinatorSpec.swift in Sources */ = {isa = PBXBuildFile; fileRef = 17BDA45322A84FA90044792D /* AboutCoordinatorSpec.swift */; };
		17BDA45622A854350044792D /* HomeCoordinatorSpec.swift in Sources */ = {isa = PBXBuildFile; fileRef = 17BDA45522A854350044792D /* HomeCoordinatorSpec.swift */; };
		17BDA45822A856B70044792D /* HomeView.swift in Sources */ = {isa = PBXBuildFile; fileRef = 17BDA45722A856B70044792D /* HomeView.swift */; };
		17BDA45A22A856C40044792D /* HomeViewController.swift in Sources */ = {isa = PBXBuildFile; fileRef = 17BDA45922A856C40044792D /* HomeViewController.swift */; };
		17BDA45C22A865B20044792D /* Images.xcassets in Resources */ = {isa = PBXBuildFile; fileRef = 17BDA45B22A865B20044792D /* Images.xcassets */; };
		17BDA46322A87CF10044792D /* TableViewHandler.swift in Sources */ = {isa = PBXBuildFile; fileRef = 17BDA46222A87CF10044792D /* TableViewHandler.swift */; };
		17BDA46722A87FDB0044792D /* BannerTableViewHandler.swift in Sources */ = {isa = PBXBuildFile; fileRef = 17BDA46622A87FDB0044792D /* BannerTableViewHandler.swift */; };
		17BDA46922A8821B0044792D /* BannerTableViewCell.swift in Sources */ = {isa = PBXBuildFile; fileRef = 17BDA46822A8821B0044792D /* BannerTableViewCell.swift */; };
		17BDA46B22A893CA0044792D /* ShimmerView.swift in Sources */ = {isa = PBXBuildFile; fileRef = 17BDA46A22A893CA0044792D /* ShimmerView.swift */; };
		17BDA46D22A8A21D0044792D /* Reusable.framework in Frameworks */ = {isa = PBXBuildFile; fileRef = 17BDA46C22A8A21D0044792D /* Reusable.framework */; };
		17BDA47222A8BD7D0044792D /* BannerAPI.swift in Sources */ = {isa = PBXBuildFile; fileRef = 17BDA47122A8BD7D0044792D /* BannerAPI.swift */; };
		17BDA47422A8BE5E0044792D /* BannerModel.swift in Sources */ = {isa = PBXBuildFile; fileRef = 17BDA47322A8BE5E0044792D /* BannerModel.swift */; };
		17BDA47722A981010044792D /* EndPoint.swift in Sources */ = {isa = PBXBuildFile; fileRef = 17BDA47622A981010044792D /* EndPoint.swift */; };
		17BDA47D22A9875D0044792D /* NetworkResponse.swift in Sources */ = {isa = PBXBuildFile; fileRef = 17BDA47C22A9875D0044792D /* NetworkResponse.swift */; };
		17BDA47F22A98D110044792D /* Router.swift in Sources */ = {isa = PBXBuildFile; fileRef = 17BDA47E22A98D110044792D /* Router.swift */; };
		17BDA48122A9B57F0044792D /* BannerCollectionViewCell.swift in Sources */ = {isa = PBXBuildFile; fileRef = 17BDA48022A9B57F0044792D /* BannerCollectionViewCell.swift */; };
		17BDA48322A9B75C0044792D /* BannerCollectionViewDelegateSource.swift in Sources */ = {isa = PBXBuildFile; fileRef = 17BDA48222A9B75C0044792D /* BannerCollectionViewDelegateSource.swift */; };
		17BDA4A822AAAD950044792D /* CategoriesTableViewHandler.swift in Sources */ = {isa = PBXBuildFile; fileRef = 17BDA4A722AAAD950044792D /* CategoriesTableViewHandler.swift */; };
		17BDA4AA22AAAE440044792D /* CategoriesTableViewCell.swift in Sources */ = {isa = PBXBuildFile; fileRef = 17BDA4A922AAAE440044792D /* CategoriesTableViewCell.swift */; };
		17BDA4AC22AAAF600044792D /* CategoriesCollectionViewCell.swift in Sources */ = {isa = PBXBuildFile; fileRef = 17BDA4AB22AAAF600044792D /* CategoriesCollectionViewCell.swift */; };
		17BDA4AE22AAAF7E0044792D /* CategoriesAPI.swift in Sources */ = {isa = PBXBuildFile; fileRef = 17BDA4AD22AAAF7E0044792D /* CategoriesAPI.swift */; };
		17BDA4B022AAAF890044792D /* CategoriesModel.swift in Sources */ = {isa = PBXBuildFile; fileRef = 17BDA4AF22AAAF890044792D /* CategoriesModel.swift */; };
		17BDA4B222AAAF960044792D /* CategoriesCollectionViewDelegateSource.swift in Sources */ = {isa = PBXBuildFile; fileRef = 17BDA4B122AAAF960044792D /* CategoriesCollectionViewDelegateSource.swift */; };
		17BDA4B422AAEC3F0044792D /* UIImageView+Size.swift in Sources */ = {isa = PBXBuildFile; fileRef = 17BDA4B322AAEC3F0044792D /* UIImageView+Size.swift */; };
		17BDA4B822AB01F40044792D /* BestSellersTableViewHandler.swift in Sources */ = {isa = PBXBuildFile; fileRef = 17BDA4B722AB01F40044792D /* BestSellersTableViewHandler.swift */; };
		17BDA4BC22AB06B30044792D /* BestSellerTableViewCell.swift in Sources */ = {isa = PBXBuildFile; fileRef = 17BDA4BB22AB06B30044792D /* BestSellerTableViewCell.swift */; };
		17BDA4BE22AB07D30044792D /* BestSellersSectionHeaderView.swift in Sources */ = {isa = PBXBuildFile; fileRef = 17BDA4BD22AB07D30044792D /* BestSellersSectionHeaderView.swift */; };
		17BDA4C022AB0C1D0044792D /* BestSellersAPI.swift in Sources */ = {isa = PBXBuildFile; fileRef = 17BDA4BF22AB0C1D0044792D /* BestSellersAPI.swift */; };
		17BDA4C222AB0C2B0044792D /* BestSellersModel.swift in Sources */ = {isa = PBXBuildFile; fileRef = 17BDA4C122AB0C2B0044792D /* BestSellersModel.swift */; };
		17BDA4C422AB124F0044792D /* BestSellersShimmeringTableViewCell.swift in Sources */ = {isa = PBXBuildFile; fileRef = 17BDA4C322AB124F0044792D /* BestSellersShimmeringTableViewCell.swift */; };
		17BDA4C922AB57090044792D /* ProductsListViewController.swift in Sources */ = {isa = PBXBuildFile; fileRef = 17BDA4C822AB57090044792D /* ProductsListViewController.swift */; };
		17BDA4CB22AB57470044792D /* ProductsListView.swift in Sources */ = {isa = PBXBuildFile; fileRef = 17BDA4CA22AB57470044792D /* ProductsListView.swift */; };
		17BDA4CD22AB59E40044792D /* ProductsListTableViewDelegateSource.swift in Sources */ = {isa = PBXBuildFile; fileRef = 17BDA4CC22AB59E40044792D /* ProductsListTableViewDelegateSource.swift */; };
		17BDA4CF22AC01820044792D /* ProductsListAPI.swift in Sources */ = {isa = PBXBuildFile; fileRef = 17BDA4CE22AC01820044792D /* ProductsListAPI.swift */; };
		17BDA4D122AC022E0044792D /* ProductsListModel.swift in Sources */ = {isa = PBXBuildFile; fileRef = 17BDA4D022AC022E0044792D /* ProductsListModel.swift */; };
		17BDA4D422AC1FF40044792D /* ProductDetailViewController.swift in Sources */ = {isa = PBXBuildFile; fileRef = 17BDA4D322AC1FF40044792D /* ProductDetailViewController.swift */; };
		17BDA4D622AC21660044792D /* ProductDetailView.swift in Sources */ = {isa = PBXBuildFile; fileRef = 17BDA4D522AC21660044792D /* ProductDetailView.swift */; };
		17BDA4DE22AC3AD50044792D /* ProductHeaderView.swift in Sources */ = {isa = PBXBuildFile; fileRef = 17BDA4DD22AC3AD50044792D /* ProductHeaderView.swift */; };
		17BDA4E022AC3B860044792D /* ProductPriceView.swift in Sources */ = {isa = PBXBuildFile; fileRef = 17BDA4DF22AC3B860044792D /* ProductPriceView.swift */; };
		17BDA4E222AC3C770044792D /* ProductDescriptionView.swift in Sources */ = {isa = PBXBuildFile; fileRef = 17BDA4E122AC3C770044792D /* ProductDescriptionView.swift */; };
/* End PBXBuildFile section */

/* Begin PBXContainerItemProxy section */
		17BDA42922A6F4190044792D /* PBXContainerItemProxy */ = {
			isa = PBXContainerItemProxy;
			containerPortal = 17A940EC22A56834004B9054 /* Project object */;
			proxyType = 1;
			remoteGlobalIDString = 17A940F322A56835004B9054;
			remoteInfo = Lodjinha;
		};
/* End PBXContainerItemProxy section */

/* Begin PBXCopyFilesBuildPhase section */
		17BDA43A22A704E70044792D /* CopyFiles */ = {
			isa = PBXCopyFilesBuildPhase;
			buildActionMask = 2147483647;
			dstPath = "";
			dstSubfolderSpec = 10;
			files = (
				17BDA43B22A705150044792D /* FBSnapshotTestCase.framework in CopyFiles */,
				17BDA43C22A705150044792D /* Nimble_Snapshots.framework in CopyFiles */,
				17BDA43D22A705150044792D /* Nimble.framework in CopyFiles */,
				17BDA43E22A705150044792D /* Quick.framework in CopyFiles */,
			);
			runOnlyForDeploymentPostprocessing = 0;
		};
/* End PBXCopyFilesBuildPhase section */

/* Begin PBXFileReference section */
		17A940F422A56835004B9054 /* Lodjinha.app */ = {isa = PBXFileReference; explicitFileType = wrapper.application; includeInIndex = 0; path = Lodjinha.app; sourceTree = BUILT_PRODUCTS_DIR; };
		17A940F722A56835004B9054 /* AppDelegate.swift */ = {isa = PBXFileReference; lastKnownFileType = sourcecode.swift; path = AppDelegate.swift; sourceTree = "<group>"; };
		17A9410122A56836004B9054 /* Base */ = {isa = PBXFileReference; lastKnownFileType = file.storyboard; name = Base; path = Base.lproj/LaunchScreen.storyboard; sourceTree = "<group>"; };
		17A9410322A56836004B9054 /* Info.plist */ = {isa = PBXFileReference; lastKnownFileType = text.plist.xml; path = Info.plist; sourceTree = "<group>"; };
		17A9410A22A570F0004B9054 /* Pacifico-Regular.ttf */ = {isa = PBXFileReference; lastKnownFileType = file; path = "Pacifico-Regular.ttf"; sourceTree = "<group>"; };
		17BDA3D722A5B8680044792D /* AppCoordinator.swift */ = {isa = PBXFileReference; lastKnownFileType = sourcecode.swift; path = AppCoordinator.swift; sourceTree = "<group>"; };
		17BDA3E422A5FB2E0044792D /* Colors.swift */ = {isa = PBXFileReference; lastKnownFileType = sourcecode.swift; path = Colors.swift; sourceTree = "<group>"; };
		17BDA3E722A600F80044792D /* Fonts.swift */ = {isa = PBXFileReference; fileEncoding = 4; lastKnownFileType = sourcecode.swift; path = Fonts.swift; sourceTree = "<group>"; };
		17BDA3E822A600F80044792D /* ImageAssets.swift */ = {isa = PBXFileReference; fileEncoding = 4; lastKnownFileType = sourcecode.swift; path = ImageAssets.swift; sourceTree = "<group>"; };
		17BDA40F22A60F2E0044792D /* Base */ = {isa = PBXFileReference; lastKnownFileType = text.plist.strings; name = Base; path = Lodjinha/SupportingFiles/Base.lproj/Localizable.strings; sourceTree = SOURCE_ROOT; };
		17BDA41122A60F3D0044792D /* pt-BR */ = {isa = PBXFileReference; lastKnownFileType = text.plist.strings; name = "pt-BR"; path = "../SupportingFiles/pt-BR.lproj/Localizable.strings"; sourceTree = "<group>"; };
		17BDA41222A6104A0044792D /* LocalizableStrings.swift */ = {isa = PBXFileReference; fileEncoding = 4; lastKnownFileType = sourcecode.swift; path = LocalizableStrings.swift; sourceTree = "<group>"; };
		17BDA41822A6CE560044792D /* AboutViewController.swift */ = {isa = PBXFileReference; lastKnownFileType = sourcecode.swift; path = AboutViewController.swift; sourceTree = "<group>"; };
		17BDA41A22A6CE660044792D /* AboutView.swift */ = {isa = PBXFileReference; lastKnownFileType = sourcecode.swift; path = AboutView.swift; sourceTree = "<group>"; };
		17BDA41C22A6CECB0044792D /* UIView+Anchors.swift */ = {isa = PBXFileReference; lastKnownFileType = sourcecode.swift; path = "UIView+Anchors.swift"; sourceTree = "<group>"; };
		17BDA41E22A6E7B40044792D /* UINavigationController+Extensions.swift */ = {isa = PBXFileReference; lastKnownFileType = sourcecode.swift; name = "UINavigationController+Extensions.swift"; path = "../SupportingFiles/UINavigationController+Extensions.swift"; sourceTree = "<group>"; };
		17BDA42422A6F4180044792D /* LodjinhaTests.xctest */ = {isa = PBXFileReference; explicitFileType = wrapper.cfbundle; includeInIndex = 0; path = LodjinhaTests.xctest; sourceTree = BUILT_PRODUCTS_DIR; };
		17BDA42822A6F4190044792D /* Info.plist */ = {isa = PBXFileReference; lastKnownFileType = text.plist.xml; path = Info.plist; sourceTree = "<group>"; };
		17BDA43222A704DA0044792D /* FBSnapshotTestCase.framework */ = {isa = PBXFileReference; lastKnownFileType = wrapper.framework; name = FBSnapshotTestCase.framework; path = Carthage/Build/iOS/FBSnapshotTestCase.framework; sourceTree = "<group>"; };
		17BDA43322A704DA0044792D /* Nimble_Snapshots.framework */ = {isa = PBXFileReference; lastKnownFileType = wrapper.framework; name = Nimble_Snapshots.framework; path = Carthage/Build/iOS/Nimble_Snapshots.framework; sourceTree = "<group>"; };
		17BDA43422A704DA0044792D /* Nimble.framework */ = {isa = PBXFileReference; lastKnownFileType = wrapper.framework; name = Nimble.framework; path = Carthage/Build/iOS/Nimble.framework; sourceTree = "<group>"; };
		17BDA43522A704DA0044792D /* Quick.framework */ = {isa = PBXFileReference; lastKnownFileType = wrapper.framework; name = Quick.framework; path = Carthage/Build/iOS/Quick.framework; sourceTree = "<group>"; };
		17BDA44122A7063E0044792D /* main.swift */ = {isa = PBXFileReference; lastKnownFileType = sourcecode.swift; path = main.swift; sourceTree = "<group>"; };
		17BDA44622A709A80044792D /* AppCoordinatorSpec.swift */ = {isa = PBXFileReference; lastKnownFileType = sourcecode.swift; path = AppCoordinatorSpec.swift; sourceTree = "<group>"; };
		17BDA44922A711FE0044792D /* AboutViewControllerSpec.swift */ = {isa = PBXFileReference; lastKnownFileType = sourcecode.swift; path = AboutViewControllerSpec.swift; sourceTree = "<group>"; };
		17BDA44B22A7142C0044792D /* Snapshots */ = {isa = PBXFileReference; lastKnownFileType = folder; path = Snapshots; sourceTree = "<group>"; };
		17BDA44D22A82B8A0044792D /* AboutCoordinator.swift */ = {isa = PBXFileReference; lastKnownFileType = sourcecode.swift; path = AboutCoordinator.swift; sourceTree = "<group>"; };
		17BDA45022A84E100044792D /* HomeCoordinator.swift */ = {isa = PBXFileReference; lastKnownFileType = sourcecode.swift; path = HomeCoordinator.swift; sourceTree = "<group>"; };
		17BDA45322A84FA90044792D /* AboutCoordinatorSpec.swift */ = {isa = PBXFileReference; lastKnownFileType = sourcecode.swift; path = AboutCoordinatorSpec.swift; sourceTree = "<group>"; };
		17BDA45522A854350044792D /* HomeCoordinatorSpec.swift */ = {isa = PBXFileReference; lastKnownFileType = sourcecode.swift; path = HomeCoordinatorSpec.swift; sourceTree = "<group>"; };
		17BDA45722A856B70044792D /* HomeView.swift */ = {isa = PBXFileReference; lastKnownFileType = sourcecode.swift; path = HomeView.swift; sourceTree = "<group>"; };
		17BDA45922A856C40044792D /* HomeViewController.swift */ = {isa = PBXFileReference; lastKnownFileType = sourcecode.swift; path = HomeViewController.swift; sourceTree = "<group>"; };
		17BDA45B22A865B20044792D /* Images.xcassets */ = {isa = PBXFileReference; lastKnownFileType = folder.assetcatalog; path = Images.xcassets; sourceTree = "<group>"; };
		17BDA46222A87CF10044792D /* TableViewHandler.swift */ = {isa = PBXFileReference; lastKnownFileType = sourcecode.swift; path = TableViewHandler.swift; sourceTree = "<group>"; };
		17BDA46622A87FDB0044792D /* BannerTableViewHandler.swift */ = {isa = PBXFileReference; lastKnownFileType = sourcecode.swift; path = BannerTableViewHandler.swift; sourceTree = "<group>"; };
		17BDA46822A8821B0044792D /* BannerTableViewCell.swift */ = {isa = PBXFileReference; lastKnownFileType = sourcecode.swift; path = BannerTableViewCell.swift; sourceTree = "<group>"; };
		17BDA46A22A893CA0044792D /* ShimmerView.swift */ = {isa = PBXFileReference; lastKnownFileType = sourcecode.swift; path = ShimmerView.swift; sourceTree = "<group>"; };
		17BDA46C22A8A21D0044792D /* Reusable.framework */ = {isa = PBXFileReference; lastKnownFileType = wrapper.framework; name = Reusable.framework; path = Carthage/Build/iOS/Reusable.framework; sourceTree = "<group>"; };
		17BDA47122A8BD7D0044792D /* BannerAPI.swift */ = {isa = PBXFileReference; lastKnownFileType = sourcecode.swift; path = BannerAPI.swift; sourceTree = "<group>"; };
		17BDA47322A8BE5E0044792D /* BannerModel.swift */ = {isa = PBXFileReference; lastKnownFileType = sourcecode.swift; path = BannerModel.swift; sourceTree = "<group>"; };
		17BDA47622A981010044792D /* EndPoint.swift */ = {isa = PBXFileReference; lastKnownFileType = sourcecode.swift; path = EndPoint.swift; sourceTree = "<group>"; };
		17BDA47C22A9875D0044792D /* NetworkResponse.swift */ = {isa = PBXFileReference; lastKnownFileType = sourcecode.swift; path = NetworkResponse.swift; sourceTree = "<group>"; };
		17BDA47E22A98D110044792D /* Router.swift */ = {isa = PBXFileReference; lastKnownFileType = sourcecode.swift; path = Router.swift; sourceTree = "<group>"; };
		17BDA48022A9B57F0044792D /* BannerCollectionViewCell.swift */ = {isa = PBXFileReference; lastKnownFileType = sourcecode.swift; path = BannerCollectionViewCell.swift; sourceTree = "<group>"; };
		17BDA48222A9B75C0044792D /* BannerCollectionViewDelegateSource.swift */ = {isa = PBXFileReference; lastKnownFileType = sourcecode.swift; path = BannerCollectionViewDelegateSource.swift; sourceTree = "<group>"; };
		17BDA4A722AAAD950044792D /* CategoriesTableViewHandler.swift */ = {isa = PBXFileReference; lastKnownFileType = sourcecode.swift; path = CategoriesTableViewHandler.swift; sourceTree = "<group>"; };
		17BDA4A922AAAE440044792D /* CategoriesTableViewCell.swift */ = {isa = PBXFileReference; lastKnownFileType = sourcecode.swift; path = CategoriesTableViewCell.swift; sourceTree = "<group>"; };
		17BDA4AB22AAAF600044792D /* CategoriesCollectionViewCell.swift */ = {isa = PBXFileReference; lastKnownFileType = sourcecode.swift; path = CategoriesCollectionViewCell.swift; sourceTree = "<group>"; };
		17BDA4AD22AAAF7E0044792D /* CategoriesAPI.swift */ = {isa = PBXFileReference; lastKnownFileType = sourcecode.swift; path = CategoriesAPI.swift; sourceTree = "<group>"; };
		17BDA4AF22AAAF890044792D /* CategoriesModel.swift */ = {isa = PBXFileReference; lastKnownFileType = sourcecode.swift; path = CategoriesModel.swift; sourceTree = "<group>"; };
		17BDA4B122AAAF960044792D /* CategoriesCollectionViewDelegateSource.swift */ = {isa = PBXFileReference; lastKnownFileType = sourcecode.swift; path = CategoriesCollectionViewDelegateSource.swift; sourceTree = "<group>"; };
		17BDA4B322AAEC3F0044792D /* UIImageView+Size.swift */ = {isa = PBXFileReference; lastKnownFileType = sourcecode.swift; path = "UIImageView+Size.swift"; sourceTree = "<group>"; };
		17BDA4B722AB01F40044792D /* BestSellersTableViewHandler.swift */ = {isa = PBXFileReference; lastKnownFileType = sourcecode.swift; path = BestSellersTableViewHandler.swift; sourceTree = "<group>"; };
		17BDA4BB22AB06B30044792D /* BestSellerTableViewCell.swift */ = {isa = PBXFileReference; lastKnownFileType = sourcecode.swift; path = BestSellerTableViewCell.swift; sourceTree = "<group>"; };
		17BDA4BD22AB07D30044792D /* BestSellersSectionHeaderView.swift */ = {isa = PBXFileReference; lastKnownFileType = sourcecode.swift; path = BestSellersSectionHeaderView.swift; sourceTree = "<group>"; };
		17BDA4BF22AB0C1D0044792D /* BestSellersAPI.swift */ = {isa = PBXFileReference; lastKnownFileType = sourcecode.swift; path = BestSellersAPI.swift; sourceTree = "<group>"; };
		17BDA4C122AB0C2B0044792D /* BestSellersModel.swift */ = {isa = PBXFileReference; lastKnownFileType = sourcecode.swift; path = BestSellersModel.swift; sourceTree = "<group>"; };
		17BDA4C322AB124F0044792D /* BestSellersShimmeringTableViewCell.swift */ = {isa = PBXFileReference; lastKnownFileType = sourcecode.swift; path = BestSellersShimmeringTableViewCell.swift; sourceTree = "<group>"; };
		17BDA4C822AB57090044792D /* ProductsListViewController.swift */ = {isa = PBXFileReference; lastKnownFileType = sourcecode.swift; path = ProductsListViewController.swift; sourceTree = "<group>"; };
		17BDA4CA22AB57470044792D /* ProductsListView.swift */ = {isa = PBXFileReference; lastKnownFileType = sourcecode.swift; path = ProductsListView.swift; sourceTree = "<group>"; };
		17BDA4CC22AB59E40044792D /* ProductsListTableViewDelegateSource.swift */ = {isa = PBXFileReference; lastKnownFileType = sourcecode.swift; path = ProductsListTableViewDelegateSource.swift; sourceTree = "<group>"; };
		17BDA4CE22AC01820044792D /* ProductsListAPI.swift */ = {isa = PBXFileReference; lastKnownFileType = sourcecode.swift; path = ProductsListAPI.swift; sourceTree = "<group>"; };
		17BDA4D022AC022E0044792D /* ProductsListModel.swift */ = {isa = PBXFileReference; lastKnownFileType = sourcecode.swift; path = ProductsListModel.swift; sourceTree = "<group>"; };
		17BDA4D322AC1FF40044792D /* ProductDetailViewController.swift */ = {isa = PBXFileReference; lastKnownFileType = sourcecode.swift; path = ProductDetailViewController.swift; sourceTree = "<group>"; };
		17BDA4D522AC21660044792D /* ProductDetailView.swift */ = {isa = PBXFileReference; lastKnownFileType = sourcecode.swift; path = ProductDetailView.swift; sourceTree = "<group>"; };
		17BDA4DD22AC3AD50044792D /* ProductHeaderView.swift */ = {isa = PBXFileReference; lastKnownFileType = sourcecode.swift; path = ProductHeaderView.swift; sourceTree = "<group>"; };
		17BDA4DF22AC3B860044792D /* ProductPriceView.swift */ = {isa = PBXFileReference; lastKnownFileType = sourcecode.swift; path = ProductPriceView.swift; sourceTree = "<group>"; };
		17BDA4E122AC3C770044792D /* ProductDescriptionView.swift */ = {isa = PBXFileReference; lastKnownFileType = sourcecode.swift; path = ProductDescriptionView.swift; sourceTree = "<group>"; };
/* End PBXFileReference section */

/* Begin PBXFrameworksBuildPhase section */
		17A940F122A56835004B9054 /* Frameworks */ = {
			isa = PBXFrameworksBuildPhase;
			buildActionMask = 2147483647;
			files = (
				17BDA46D22A8A21D0044792D /* Reusable.framework in Frameworks */,
			);
			runOnlyForDeploymentPostprocessing = 0;
		};
		17BDA42122A6F4180044792D /* Frameworks */ = {
			isa = PBXFrameworksBuildPhase;
			buildActionMask = 2147483647;
			files = (
				17BDA43622A704DA0044792D /* FBSnapshotTestCase.framework in Frameworks */,
				17BDA43722A704DA0044792D /* Nimble_Snapshots.framework in Frameworks */,
				17BDA43822A704DA0044792D /* Nimble.framework in Frameworks */,
				17BDA43922A704DA0044792D /* Quick.framework in Frameworks */,
			);
			runOnlyForDeploymentPostprocessing = 0;
		};
/* End PBXFrameworksBuildPhase section */

/* Begin PBXGroup section */
		17A940EB22A56834004B9054 = {
			isa = PBXGroup;
			children = (
				17A940F622A56835004B9054 /* Lodjinha */,
				17BDA42522A6F4190044792D /* LodjinhaTests */,
				17A940F522A56835004B9054 /* Products */,
				17BDA43122A704DA0044792D /* Frameworks */,
			);
			sourceTree = "<group>";
		};
		17A940F522A56835004B9054 /* Products */ = {
			isa = PBXGroup;
			children = (
				17A940F422A56835004B9054 /* Lodjinha.app */,
				17BDA42422A6F4180044792D /* LodjinhaTests.xctest */,
			);
			name = Products;
			sourceTree = "<group>";
		};
		17A940F622A56835004B9054 /* Lodjinha */ = {
			isa = PBXGroup;
			children = (
				17A940F722A56835004B9054 /* AppDelegate.swift */,
				17BDA3D722A5B8680044792D /* AppCoordinator.swift */,
				17BDA44F22A84DF70044792D /* Home */,
				17BDA4C722AB55D30044792D /* ProductsList */,
				17BDA4D222AC1FD40044792D /* ProductDetail */,
				17BDA41722A6CE070044792D /* About */,
				17BDA46E22A8A9890044792D /* LoadingView */,
				17BDA47522A95A8A0044792D /* Networking */,
				17BDA3DB22A5D2FF0044792D /* Resources */,
				17BDA4B522AAF0790044792D /* GlobalExtensions */,
				17A9410922A5688E004B9054 /* SupportingFiles */,
			);
			path = Lodjinha;
			sourceTree = "<group>";
		};
		17A9410922A5688E004B9054 /* SupportingFiles */ = {
			isa = PBXGroup;
			children = (
				17A9410322A56836004B9054 /* Info.plist */,
				17A9410022A56836004B9054 /* LaunchScreen.storyboard */,
				17BDA44122A7063E0044792D /* main.swift */,
			);
			path = SupportingFiles;
			sourceTree = "<group>";
		};
		17BDA3DB22A5D2FF0044792D /* Resources */ = {
			isa = PBXGroup;
			children = (
				17BDA3E022A5F6750044792D /* Generated */,
				17BDA45B22A865B20044792D /* Images.xcassets */,
				17BDA3E422A5FB2E0044792D /* Colors.swift */,
				17A9410A22A570F0004B9054 /* Pacifico-Regular.ttf */,
				17BDA40E22A60F2E0044792D /* Localizable.strings */,
			);
			path = Resources;
			sourceTree = "<group>";
		};
		17BDA3E022A5F6750044792D /* Generated */ = {
			isa = PBXGroup;
			children = (
				17BDA3E722A600F80044792D /* Fonts.swift */,
				17BDA3E822A600F80044792D /* ImageAssets.swift */,
				17BDA41222A6104A0044792D /* LocalizableStrings.swift */,
			);
			path = Generated;
			sourceTree = "<group>";
		};
		17BDA41722A6CE070044792D /* About */ = {
			isa = PBXGroup;
			children = (
				17BDA44D22A82B8A0044792D /* AboutCoordinator.swift */,
				17BDA41822A6CE560044792D /* AboutViewController.swift */,
				17BDA41A22A6CE660044792D /* AboutView.swift */,
			);
			path = About;
			sourceTree = "<group>";
		};
		17BDA42522A6F4190044792D /* LodjinhaTests */ = {
			isa = PBXGroup;
			children = (
				17BDA44622A709A80044792D /* AppCoordinatorSpec.swift */,
				17BDA45222A84F8F0044792D /* Home */,
				17BDA44822A711D30044792D /* About */,
				17BDA42822A6F4190044792D /* Info.plist */,
				17BDA44B22A7142C0044792D /* Snapshots */,
			);
			path = LodjinhaTests;
			sourceTree = "<group>";
		};
		17BDA43122A704DA0044792D /* Frameworks */ = {
			isa = PBXGroup;
			children = (
				17BDA46C22A8A21D0044792D /* Reusable.framework */,
				17BDA43222A704DA0044792D /* FBSnapshotTestCase.framework */,
				17BDA43322A704DA0044792D /* Nimble_Snapshots.framework */,
				17BDA43422A704DA0044792D /* Nimble.framework */,
				17BDA43522A704DA0044792D /* Quick.framework */,
			);
			name = Frameworks;
			sourceTree = "<group>";
		};
		17BDA44822A711D30044792D /* About */ = {
			isa = PBXGroup;
			children = (
				17BDA45322A84FA90044792D /* AboutCoordinatorSpec.swift */,
				17BDA44922A711FE0044792D /* AboutViewControllerSpec.swift */,
			);
			path = About;
			sourceTree = "<group>";
		};
		17BDA44F22A84DF70044792D /* Home */ = {
			isa = PBXGroup;
			children = (
				17BDA45022A84E100044792D /* HomeCoordinator.swift */,
				17BDA45922A856C40044792D /* HomeViewController.swift */,
				17BDA45722A856B70044792D /* HomeView.swift */,
				17BDA46222A87CF10044792D /* TableViewHandler.swift */,
				17BDA45D22A86AC70044792D /* Banner */,
				17BDA4A622AAAD5C0044792D /* Categories */,
				17BDA4B622AB01BA0044792D /* BestSellers */,
			);
			path = Home;
			sourceTree = "<group>";
		};
		17BDA45222A84F8F0044792D /* Home */ = {
			isa = PBXGroup;
			children = (
				17BDA45522A854350044792D /* HomeCoordinatorSpec.swift */,
			);
			path = Home;
			sourceTree = "<group>";
		};
		17BDA45D22A86AC70044792D /* Banner */ = {
			isa = PBXGroup;
			children = (
				17BDA46622A87FDB0044792D /* BannerTableViewHandler.swift */,
				17BDA46822A8821B0044792D /* BannerTableViewCell.swift */,
				17BDA48022A9B57F0044792D /* BannerCollectionViewCell.swift */,
				17BDA47122A8BD7D0044792D /* BannerAPI.swift */,
				17BDA47322A8BE5E0044792D /* BannerModel.swift */,
				17BDA48222A9B75C0044792D /* BannerCollectionViewDelegateSource.swift */,
			);
			path = Banner;
			sourceTree = "<group>";
		};
		17BDA46E22A8A9890044792D /* LoadingView */ = {
			isa = PBXGroup;
			children = (
				17BDA46A22A893CA0044792D /* ShimmerView.swift */,
			);
			path = LoadingView;
			sourceTree = "<group>";
		};
		17BDA47522A95A8A0044792D /* Networking */ = {
			isa = PBXGroup;
			children = (
				17BDA47622A981010044792D /* EndPoint.swift */,
				17BDA47C22A9875D0044792D /* NetworkResponse.swift */,
				17BDA47E22A98D110044792D /* Router.swift */,
			);
			path = Networking;
			sourceTree = "<group>";
		};
		17BDA4A622AAAD5C0044792D /* Categories */ = {
			isa = PBXGroup;
			children = (
				17BDA4A722AAAD950044792D /* CategoriesTableViewHandler.swift */,
				17BDA4A922AAAE440044792D /* CategoriesTableViewCell.swift */,
				17BDA4AB22AAAF600044792D /* CategoriesCollectionViewCell.swift */,
				17BDA4AD22AAAF7E0044792D /* CategoriesAPI.swift */,
				17BDA4AF22AAAF890044792D /* CategoriesModel.swift */,
				17BDA4B122AAAF960044792D /* CategoriesCollectionViewDelegateSource.swift */,
			);
			path = Categories;
			sourceTree = "<group>";
		};
		17BDA4B522AAF0790044792D /* GlobalExtensions */ = {
			isa = PBXGroup;
			children = (
				17BDA41C22A6CECB0044792D /* UIView+Anchors.swift */,
				17BDA41E22A6E7B40044792D /* UINavigationController+Extensions.swift */,
				17BDA4B322AAEC3F0044792D /* UIImageView+Size.swift */,
			);
			path = GlobalExtensions;
			sourceTree = "<group>";
		};
		17BDA4B622AB01BA0044792D /* BestSellers */ = {
			isa = PBXGroup;
			children = (
				17BDA4B722AB01F40044792D /* BestSellersTableViewHandler.swift */,
				17BDA4C322AB124F0044792D /* BestSellersShimmeringTableViewCell.swift */,
				17BDA4BD22AB07D30044792D /* BestSellersSectionHeaderView.swift */,
				17BDA4BB22AB06B30044792D /* BestSellerTableViewCell.swift */,
				17BDA4BF22AB0C1D0044792D /* BestSellersAPI.swift */,
				17BDA4C122AB0C2B0044792D /* BestSellersModel.swift */,
			);
			path = BestSellers;
			sourceTree = "<group>";
		};
		17BDA4C722AB55D30044792D /* ProductsList */ = {
			isa = PBXGroup;
			children = (
				17BDA4C822AB57090044792D /* ProductsListViewController.swift */,
				17BDA4CA22AB57470044792D /* ProductsListView.swift */,
				17BDA4CC22AB59E40044792D /* ProductsListTableViewDelegateSource.swift */,
				17BDA4CE22AC01820044792D /* ProductsListAPI.swift */,
				17BDA4D022AC022E0044792D /* ProductsListModel.swift */,
			);
			path = ProductsList;
			sourceTree = "<group>";
		};
		17BDA4D222AC1FD40044792D /* ProductDetail */ = {
			isa = PBXGroup;
			children = (
				17BDA4D322AC1FF40044792D /* ProductDetailViewController.swift */,
				17BDA4D522AC21660044792D /* ProductDetailView.swift */,
				17BDA4DD22AC3AD50044792D /* ProductHeaderView.swift */,
				17BDA4DF22AC3B860044792D /* ProductPriceView.swift */,
				17BDA4E122AC3C770044792D /* ProductDescriptionView.swift */,
			);
			path = ProductDetail;
			sourceTree = "<group>";
		};
/* End PBXGroup section */

/* Begin PBXNativeTarget section */
		17A940F322A56835004B9054 /* Lodjinha */ = {
			isa = PBXNativeTarget;
			buildConfigurationList = 17A9410622A56836004B9054 /* Build configuration list for PBXNativeTarget "Lodjinha" */;
			buildPhases = (
				17BDA3E122A5F69E0044792D /* SwiftGen */,
				17A940F022A56835004B9054 /* Sources */,
				17A940F122A56835004B9054 /* Frameworks */,
				17A940F222A56835004B9054 /* Resources */,
				17A9410C22A5B165004B9054 /* SwiftLint */,
				17BDA43F22A705AF0044792D /* Carthage */,
				17BDA44022A705CD0044792D /* Carthage Outaded? */,
			);
			buildRules = (
			);
			dependencies = (
			);
			name = Lodjinha;
			productName = Lodjinha;
			productReference = 17A940F422A56835004B9054 /* Lodjinha.app */;
			productType = "com.apple.product-type.application";
		};
		17BDA42322A6F4180044792D /* LodjinhaTests */ = {
			isa = PBXNativeTarget;
			buildConfigurationList = 17BDA42B22A6F4190044792D /* Build configuration list for PBXNativeTarget "LodjinhaTests" */;
			buildPhases = (
				17BDA42022A6F4180044792D /* Sources */,
				17BDA42122A6F4180044792D /* Frameworks */,
				17BDA42222A6F4180044792D /* Resources */,
				17BDA43A22A704E70044792D /* CopyFiles */,
			);
			buildRules = (
			);
			dependencies = (
				17BDA42A22A6F4190044792D /* PBXTargetDependency */,
			);
			name = LodjinhaTests;
			productName = LodjinhaTests;
			productReference = 17BDA42422A6F4180044792D /* LodjinhaTests.xctest */;
			productType = "com.apple.product-type.bundle.unit-test";
		};
/* End PBXNativeTarget section */

/* Begin PBXProject section */
		17A940EC22A56834004B9054 /* Project object */ = {
			isa = PBXProject;
			attributes = {
				LastSwiftUpdateCheck = 1020;
				LastUpgradeCheck = 1020;
				ORGANIZATIONNAME = "Guilherme Bayma";
				TargetAttributes = {
					17A940F322A56835004B9054 = {
						CreatedOnToolsVersion = 10.2.1;
					};
					17BDA42322A6F4180044792D = {
						CreatedOnToolsVersion = 10.2.1;
						TestTargetID = 17A940F322A56835004B9054;
					};
				};
			};
			buildConfigurationList = 17A940EF22A56834004B9054 /* Build configuration list for PBXProject "Lodjinha" */;
			compatibilityVersion = "Xcode 9.3";
			developmentRegion = en;
			hasScannedForEncodings = 0;
			knownRegions = (
				en,
				Base,
				"pt-BR",
			);
			mainGroup = 17A940EB22A56834004B9054;
			productRefGroup = 17A940F522A56835004B9054 /* Products */;
			projectDirPath = "";
			projectRoot = "";
			targets = (
				17A940F322A56835004B9054 /* Lodjinha */,
				17BDA42322A6F4180044792D /* LodjinhaTests */,
			);
		};
/* End PBXProject section */

/* Begin PBXResourcesBuildPhase section */
		17A940F222A56835004B9054 /* Resources */ = {
			isa = PBXResourcesBuildPhase;
			buildActionMask = 2147483647;
			files = (
				17A9410B22A570F0004B9054 /* Pacifico-Regular.ttf in Resources */,
				17BDA45C22A865B20044792D /* Images.xcassets in Resources */,
				17BDA41022A60F2E0044792D /* Localizable.strings in Resources */,
				17A9410222A56836004B9054 /* LaunchScreen.storyboard in Resources */,
			);
			runOnlyForDeploymentPostprocessing = 0;
		};
		17BDA42222A6F4180044792D /* Resources */ = {
			isa = PBXResourcesBuildPhase;
			buildActionMask = 2147483647;
			files = (
				17BDA44C22A7142C0044792D /* Snapshots in Resources */,
			);
			runOnlyForDeploymentPostprocessing = 0;
		};
/* End PBXResourcesBuildPhase section */

/* Begin PBXShellScriptBuildPhase section */
		17A9410C22A5B165004B9054 /* SwiftLint */ = {
			isa = PBXShellScriptBuildPhase;
			buildActionMask = 2147483647;
			files = (
			);
			inputFileListPaths = (
			);
			inputPaths = (
			);
			name = SwiftLint;
			outputFileListPaths = (
			);
			outputPaths = (
			);
			runOnlyForDeploymentPostprocessing = 0;
			shellPath = /bin/sh;
			shellScript = "mint run swiftlint swiftlint\n";
		};
		17BDA3E122A5F69E0044792D /* SwiftGen */ = {
			isa = PBXShellScriptBuildPhase;
			buildActionMask = 2147483647;
			files = (
			);
			inputFileListPaths = (
			);
			inputPaths = (
			);
			name = SwiftGen;
			outputFileListPaths = (
			);
			outputPaths = (
			);
			runOnlyForDeploymentPostprocessing = 0;
			shellPath = /bin/sh;
			shellScript = "mint run swiftgen swiftgen config run\n";
		};
		17BDA43F22A705AF0044792D /* Carthage */ = {
			isa = PBXShellScriptBuildPhase;
			buildActionMask = 2147483647;
			files = (
			);
			inputFileListPaths = (
			);
			inputPaths = (
				"$(SRCROOT)/Carthage/Build/iOS/Reusable.framework",
			);
			name = Carthage;
			outputFileListPaths = (
			);
			outputPaths = (
				"$(BUILT_PRODUCTS_DIR)/$(FRAMEWORKS_FOLDER_PATH)/Reusable.framework",
			);
			runOnlyForDeploymentPostprocessing = 0;
			shellPath = /bin/sh;
			shellScript = "mint run carthage carthage copy-frameworks\n";
		};
		17BDA44022A705CD0044792D /* Carthage Outaded? */ = {
			isa = PBXShellScriptBuildPhase;
			buildActionMask = 2147483647;
			files = (
			);
			inputFileListPaths = (
			);
			inputPaths = (
			);
			name = "Carthage Outaded?";
			outputFileListPaths = (
			);
			outputPaths = (
			);
			runOnlyForDeploymentPostprocessing = 0;
			shellPath = /bin/sh;
			shellScript = "mint run carthage carthage outdated --xcode-warnings\n";
		};
/* End PBXShellScriptBuildPhase section */

/* Begin PBXSourcesBuildPhase section */
		17A940F022A56835004B9054 /* Sources */ = {
			isa = PBXSourcesBuildPhase;
			buildActionMask = 2147483647;
			files = (
				17BDA4B222AAAF960044792D /* CategoriesCollectionViewDelegateSource.swift in Sources */,
				17BDA44E22A82B8A0044792D /* AboutCoordinator.swift in Sources */,
				17BDA4D422AC1FF40044792D /* ProductDetailViewController.swift in Sources */,
				17BDA45822A856B70044792D /* HomeView.swift in Sources */,
				17BDA4AE22AAAF7E0044792D /* CategoriesAPI.swift in Sources */,
				17BDA47222A8BD7D0044792D /* BannerAPI.swift in Sources */,
				17BDA4CF22AC01820044792D /* ProductsListAPI.swift in Sources */,
				17BDA41B22A6CE660044792D /* AboutView.swift in Sources */,
				17BDA4C222AB0C2B0044792D /* BestSellersModel.swift in Sources */,
				17BDA47722A981010044792D /* EndPoint.swift in Sources */,
				17BDA4AA22AAAE440044792D /* CategoriesTableViewCell.swift in Sources */,
				17BDA46922A8821B0044792D /* BannerTableViewCell.swift in Sources */,
				17BDA47D22A9875D0044792D /* NetworkResponse.swift in Sources */,
				17BDA4AC22AAAF600044792D /* CategoriesCollectionViewCell.swift in Sources */,
				17BDA3EA22A600F80044792D /* ImageAssets.swift in Sources */,
				17BDA4C022AB0C1D0044792D /* BestSellersAPI.swift in Sources */,
				17BDA4E022AC3B860044792D /* ProductPriceView.swift in Sources */,
				17BDA41322A6104A0044792D /* LocalizableStrings.swift in Sources */,
				17BDA45A22A856C40044792D /* HomeViewController.swift in Sources */,
				17BDA46B22A893CA0044792D /* ShimmerView.swift in Sources */,
				17BDA4B822AB01F40044792D /* BestSellersTableViewHandler.swift in Sources */,
				17BDA41F22A6E7B40044792D /* UINavigationController+Extensions.swift in Sources */,
				17BDA3E922A600F80044792D /* Fonts.swift in Sources */,
				17BDA41D22A6CECB0044792D /* UIView+Anchors.swift in Sources */,
				17BDA4B022AAAF890044792D /* CategoriesModel.swift in Sources */,
				17BDA41922A6CE560044792D /* AboutViewController.swift in Sources */,
				17BDA4C422AB124F0044792D /* BestSellersShimmeringTableViewCell.swift in Sources */,
				17BDA45122A84E100044792D /* HomeCoordinator.swift in Sources */,
				17BDA47F22A98D110044792D /* Router.swift in Sources */,
				17BDA4D122AC022E0044792D /* ProductsListModel.swift in Sources */,
				17BDA46322A87CF10044792D /* TableViewHandler.swift in Sources */,
				17BDA48322A9B75C0044792D /* BannerCollectionViewDelegateSource.swift in Sources */,
				17BDA48122A9B57F0044792D /* BannerCollectionViewCell.swift in Sources */,
				17BDA44222A7063E0044792D /* main.swift in Sources */,
				17BDA4BC22AB06B30044792D /* BestSellerTableViewCell.swift in Sources */,
				17BDA46722A87FDB0044792D /* BannerTableViewHandler.swift in Sources */,
				17BDA3D822A5B8680044792D /* AppCoordinator.swift in Sources */,
				17BDA4E222AC3C770044792D /* ProductDescriptionView.swift in Sources */,
				17BDA4DE22AC3AD50044792D /* ProductHeaderView.swift in Sources */,
				17BDA3E522A5FB2E0044792D /* Colors.swift in Sources */,
				17A940F822A56835004B9054 /* AppDelegate.swift in Sources */,
				17BDA47422A8BE5E0044792D /* BannerModel.swift in Sources */,
				17BDA4D622AC21660044792D /* ProductDetailView.swift in Sources */,
				17BDA4C922AB57090044792D /* ProductsListViewController.swift in Sources */,
				17BDA4CB22AB57470044792D /* ProductsListView.swift in Sources */,
				17BDA4B422AAEC3F0044792D /* UIImageView+Size.swift in Sources */,
				17BDA4CD22AB59E40044792D /* ProductsListTableViewDelegateSource.swift in Sources */,
				17BDA4BE22AB07D30044792D /* BestSellersSectionHeaderView.swift in Sources */,
				17BDA4A822AAAD950044792D /* CategoriesTableViewHandler.swift in Sources */,
			);
			runOnlyForDeploymentPostprocessing = 0;
		};
		17BDA42022A6F4180044792D /* Sources */ = {
			isa = PBXSourcesBuildPhase;
			buildActionMask = 2147483647;
			files = (
				17BDA45622A854350044792D /* HomeCoordinatorSpec.swift in Sources */,
				17BDA45422A84FA90044792D /* AboutCoordinatorSpec.swift in Sources */,
				17BDA44722A709A80044792D /* AppCoordinatorSpec.swift in Sources */,
				17BDA44A22A711FE0044792D /* AboutViewControllerSpec.swift in Sources */,
			);
			runOnlyForDeploymentPostprocessing = 0;
		};
/* End PBXSourcesBuildPhase section */

/* Begin PBXTargetDependency section */
		17BDA42A22A6F4190044792D /* PBXTargetDependency */ = {
			isa = PBXTargetDependency;
			target = 17A940F322A56835004B9054 /* Lodjinha */;
			targetProxy = 17BDA42922A6F4190044792D /* PBXContainerItemProxy */;
		};
/* End PBXTargetDependency section */

/* Begin PBXVariantGroup section */
		17A9410022A56836004B9054 /* LaunchScreen.storyboard */ = {
			isa = PBXVariantGroup;
			children = (
				17A9410122A56836004B9054 /* Base */,
			);
			name = LaunchScreen.storyboard;
			sourceTree = "<group>";
		};
		17BDA40E22A60F2E0044792D /* Localizable.strings */ = {
			isa = PBXVariantGroup;
			children = (
				17BDA40F22A60F2E0044792D /* Base */,
				17BDA41122A60F3D0044792D /* pt-BR */,
			);
			name = Localizable.strings;
			sourceTree = "<group>";
		};
/* End PBXVariantGroup section */

/* Begin XCBuildConfiguration section */
		17A9410422A56836004B9054 /* Debug */ = {
			isa = XCBuildConfiguration;
			buildSettings = {
				ALWAYS_SEARCH_USER_PATHS = NO;
				CLANG_ANALYZER_LOCALIZABILITY_NONLOCALIZED = YES;
				CLANG_ANALYZER_NONNULL = YES;
				CLANG_ANALYZER_NUMBER_OBJECT_CONVERSION = YES_AGGRESSIVE;
				CLANG_CXX_LANGUAGE_STANDARD = "gnu++14";
				CLANG_CXX_LIBRARY = "libc++";
				CLANG_ENABLE_MODULES = YES;
				CLANG_ENABLE_OBJC_ARC = YES;
				CLANG_ENABLE_OBJC_WEAK = YES;
				CLANG_WARN_BLOCK_CAPTURE_AUTORELEASING = YES;
				CLANG_WARN_BOOL_CONVERSION = YES;
				CLANG_WARN_COMMA = YES;
				CLANG_WARN_CONSTANT_CONVERSION = YES;
				CLANG_WARN_DEPRECATED_OBJC_IMPLEMENTATIONS = YES;
				CLANG_WARN_DIRECT_OBJC_ISA_USAGE = YES_ERROR;
				CLANG_WARN_DOCUMENTATION_COMMENTS = YES;
				CLANG_WARN_EMPTY_BODY = YES;
				CLANG_WARN_ENUM_CONVERSION = YES;
				CLANG_WARN_INFINITE_RECURSION = YES;
				CLANG_WARN_INT_CONVERSION = YES;
				CLANG_WARN_NON_LITERAL_NULL_CONVERSION = YES;
				CLANG_WARN_OBJC_IMPLICIT_RETAIN_SELF = YES;
				CLANG_WARN_OBJC_LITERAL_CONVERSION = YES;
				CLANG_WARN_OBJC_ROOT_CLASS = YES_ERROR;
				CLANG_WARN_RANGE_LOOP_ANALYSIS = YES;
				CLANG_WARN_STRICT_PROTOTYPES = YES;
				CLANG_WARN_SUSPICIOUS_MOVE = YES;
				CLANG_WARN_UNGUARDED_AVAILABILITY = YES_AGGRESSIVE;
				CLANG_WARN_UNREACHABLE_CODE = YES;
				CLANG_WARN__DUPLICATE_METHOD_MATCH = YES;
				CODE_SIGN_IDENTITY = "iPhone Developer";
				COPY_PHASE_STRIP = NO;
				DEBUG_INFORMATION_FORMAT = dwarf;
				ENABLE_STRICT_OBJC_MSGSEND = YES;
				ENABLE_TESTABILITY = YES;
				GCC_C_LANGUAGE_STANDARD = gnu11;
				GCC_DYNAMIC_NO_PIC = NO;
				GCC_NO_COMMON_BLOCKS = YES;
				GCC_OPTIMIZATION_LEVEL = 0;
				GCC_PREPROCESSOR_DEFINITIONS = (
					"DEBUG=1",
					"$(inherited)",
				);
				GCC_WARN_64_TO_32_BIT_CONVERSION = YES;
				GCC_WARN_ABOUT_RETURN_TYPE = YES_ERROR;
				GCC_WARN_UNDECLARED_SELECTOR = YES;
				GCC_WARN_UNINITIALIZED_AUTOS = YES_AGGRESSIVE;
				GCC_WARN_UNUSED_FUNCTION = YES;
				GCC_WARN_UNUSED_VARIABLE = YES;
				IPHONEOS_DEPLOYMENT_TARGET = 9.0;
				MTL_ENABLE_DEBUG_INFO = INCLUDE_SOURCE;
				MTL_FAST_MATH = YES;
				ONLY_ACTIVE_ARCH = YES;
				SDKROOT = iphoneos;
				SWIFT_ACTIVE_COMPILATION_CONDITIONS = DEBUG;
				SWIFT_OPTIMIZATION_LEVEL = "-Onone";
			};
			name = Debug;
		};
		17A9410522A56836004B9054 /* Release */ = {
			isa = XCBuildConfiguration;
			buildSettings = {
				ALWAYS_SEARCH_USER_PATHS = NO;
				CLANG_ANALYZER_LOCALIZABILITY_NONLOCALIZED = YES;
				CLANG_ANALYZER_NONNULL = YES;
				CLANG_ANALYZER_NUMBER_OBJECT_CONVERSION = YES_AGGRESSIVE;
				CLANG_CXX_LANGUAGE_STANDARD = "gnu++14";
				CLANG_CXX_LIBRARY = "libc++";
				CLANG_ENABLE_MODULES = YES;
				CLANG_ENABLE_OBJC_ARC = YES;
				CLANG_ENABLE_OBJC_WEAK = YES;
				CLANG_WARN_BLOCK_CAPTURE_AUTORELEASING = YES;
				CLANG_WARN_BOOL_CONVERSION = YES;
				CLANG_WARN_COMMA = YES;
				CLANG_WARN_CONSTANT_CONVERSION = YES;
				CLANG_WARN_DEPRECATED_OBJC_IMPLEMENTATIONS = YES;
				CLANG_WARN_DIRECT_OBJC_ISA_USAGE = YES_ERROR;
				CLANG_WARN_DOCUMENTATION_COMMENTS = YES;
				CLANG_WARN_EMPTY_BODY = YES;
				CLANG_WARN_ENUM_CONVERSION = YES;
				CLANG_WARN_INFINITE_RECURSION = YES;
				CLANG_WARN_INT_CONVERSION = YES;
				CLANG_WARN_NON_LITERAL_NULL_CONVERSION = YES;
				CLANG_WARN_OBJC_IMPLICIT_RETAIN_SELF = YES;
				CLANG_WARN_OBJC_LITERAL_CONVERSION = YES;
				CLANG_WARN_OBJC_ROOT_CLASS = YES_ERROR;
				CLANG_WARN_RANGE_LOOP_ANALYSIS = YES;
				CLANG_WARN_STRICT_PROTOTYPES = YES;
				CLANG_WARN_SUSPICIOUS_MOVE = YES;
				CLANG_WARN_UNGUARDED_AVAILABILITY = YES_AGGRESSIVE;
				CLANG_WARN_UNREACHABLE_CODE = YES;
				CLANG_WARN__DUPLICATE_METHOD_MATCH = YES;
				CODE_SIGN_IDENTITY = "iPhone Developer";
				COPY_PHASE_STRIP = NO;
				DEBUG_INFORMATION_FORMAT = "dwarf-with-dsym";
				ENABLE_NS_ASSERTIONS = NO;
				ENABLE_STRICT_OBJC_MSGSEND = YES;
				GCC_C_LANGUAGE_STANDARD = gnu11;
				GCC_NO_COMMON_BLOCKS = YES;
				GCC_WARN_64_TO_32_BIT_CONVERSION = YES;
				GCC_WARN_ABOUT_RETURN_TYPE = YES_ERROR;
				GCC_WARN_UNDECLARED_SELECTOR = YES;
				GCC_WARN_UNINITIALIZED_AUTOS = YES_AGGRESSIVE;
				GCC_WARN_UNUSED_FUNCTION = YES;
				GCC_WARN_UNUSED_VARIABLE = YES;
				IPHONEOS_DEPLOYMENT_TARGET = 9.0;
				MTL_ENABLE_DEBUG_INFO = NO;
				MTL_FAST_MATH = YES;
				SDKROOT = iphoneos;
				SWIFT_COMPILATION_MODE = wholemodule;
				SWIFT_OPTIMIZATION_LEVEL = "-O";
				VALIDATE_PRODUCT = YES;
			};
			name = Release;
		};
		17A9410722A56836004B9054 /* Debug */ = {
			isa = XCBuildConfiguration;
			buildSettings = {
				ASSETCATALOG_COMPILER_APPICON_NAME = AppIcon;
				CODE_SIGN_STYLE = Automatic;
				DEVELOPMENT_TEAM = LNGFCK45YW;
				FRAMEWORK_SEARCH_PATHS = (
					"$(inherited)",
					"$(PROJECT_DIR)/Carthage/Build/iOS",
				);
				INFOPLIST_FILE = "$(SRCROOT)/Lodjinha/SupportingFiles/Info.plist";
				IPHONEOS_DEPLOYMENT_TARGET = 9.0;
				LD_RUNPATH_SEARCH_PATHS = (
					"$(inherited)",
					"@executable_path/Frameworks",
				);
				PRODUCT_BUNDLE_IDENTIFIER = br.com.bayma.Lodjinha;
				PRODUCT_NAME = "$(TARGET_NAME)";
				SWIFT_VERSION = 5.0;
				TARGETED_DEVICE_FAMILY = "1,2";
			};
			name = Debug;
		};
		17A9410822A56836004B9054 /* Release */ = {
			isa = XCBuildConfiguration;
			buildSettings = {
				ASSETCATALOG_COMPILER_APPICON_NAME = AppIcon;
				CODE_SIGN_STYLE = Automatic;
				DEVELOPMENT_TEAM = LNGFCK45YW;
				FRAMEWORK_SEARCH_PATHS = (
					"$(inherited)",
					"$(PROJECT_DIR)/Carthage/Build/iOS",
				);
				INFOPLIST_FILE = "$(SRCROOT)/Lodjinha/SupportingFiles/Info.plist";
				IPHONEOS_DEPLOYMENT_TARGET = 9.0;
				LD_RUNPATH_SEARCH_PATHS = (
					"$(inherited)",
					"@executable_path/Frameworks",
				);
				PRODUCT_BUNDLE_IDENTIFIER = br.com.bayma.Lodjinha;
				PRODUCT_NAME = "$(TARGET_NAME)";
				SWIFT_VERSION = 5.0;
				TARGETED_DEVICE_FAMILY = "1,2";
			};
			name = Release;
		};
		17BDA42C22A6F4190044792D /* Debug */ = {
			isa = XCBuildConfiguration;
			buildSettings = {
				BUNDLE_LOADER = "$(TEST_HOST)";
				CODE_SIGN_STYLE = Automatic;
				DEVELOPMENT_TEAM = LNGFCK45YW;
				FRAMEWORK_SEARCH_PATHS = (
					"$(inherited)",
					"$(PROJECT_DIR)/Carthage/Build/iOS",
				);
				INFOPLIST_FILE = LodjinhaTests/Info.plist;
				IPHONEOS_DEPLOYMENT_TARGET = 12.2;
				LD_RUNPATH_SEARCH_PATHS = (
					"$(inherited)",
					"@executable_path/Frameworks",
					"@loader_path/Frameworks",
				);
				PRODUCT_BUNDLE_IDENTIFIER = br.com.bayma.LodjinhaTests;
				PRODUCT_NAME = "$(TARGET_NAME)";
				SWIFT_VERSION = 5.0;
				TARGETED_DEVICE_FAMILY = "1,2";
				TEST_HOST = "$(BUILT_PRODUCTS_DIR)/Lodjinha.app/Lodjinha";
			};
			name = Debug;
		};
		17BDA42D22A6F4190044792D /* Release */ = {
			isa = XCBuildConfiguration;
			buildSettings = {
				BUNDLE_LOADER = "$(TEST_HOST)";
				CODE_SIGN_STYLE = Automatic;
				DEVELOPMENT_TEAM = LNGFCK45YW;
				FRAMEWORK_SEARCH_PATHS = (
					"$(inherited)",
					"$(PROJECT_DIR)/Carthage/Build/iOS",
				);
				INFOPLIST_FILE = LodjinhaTests/Info.plist;
				IPHONEOS_DEPLOYMENT_TARGET = 12.2;
				LD_RUNPATH_SEARCH_PATHS = (
					"$(inherited)",
					"@executable_path/Frameworks",
					"@loader_path/Frameworks",
				);
				PRODUCT_BUNDLE_IDENTIFIER = br.com.bayma.LodjinhaTests;
				PRODUCT_NAME = "$(TARGET_NAME)";
				SWIFT_VERSION = 5.0;
				TARGETED_DEVICE_FAMILY = "1,2";
				TEST_HOST = "$(BUILT_PRODUCTS_DIR)/Lodjinha.app/Lodjinha";
			};
			name = Release;
		};
		17BDA44322A706F70044792D /* Test */ = {
			isa = XCBuildConfiguration;
			buildSettings = {
				ALWAYS_SEARCH_USER_PATHS = NO;
				CLANG_ANALYZER_LOCALIZABILITY_NONLOCALIZED = YES;
				CLANG_ANALYZER_NONNULL = YES;
				CLANG_ANALYZER_NUMBER_OBJECT_CONVERSION = YES_AGGRESSIVE;
				CLANG_CXX_LANGUAGE_STANDARD = "gnu++14";
				CLANG_CXX_LIBRARY = "libc++";
				CLANG_ENABLE_MODULES = YES;
				CLANG_ENABLE_OBJC_ARC = YES;
				CLANG_ENABLE_OBJC_WEAK = YES;
				CLANG_WARN_BLOCK_CAPTURE_AUTORELEASING = YES;
				CLANG_WARN_BOOL_CONVERSION = YES;
				CLANG_WARN_COMMA = YES;
				CLANG_WARN_CONSTANT_CONVERSION = YES;
				CLANG_WARN_DEPRECATED_OBJC_IMPLEMENTATIONS = YES;
				CLANG_WARN_DIRECT_OBJC_ISA_USAGE = YES_ERROR;
				CLANG_WARN_DOCUMENTATION_COMMENTS = YES;
				CLANG_WARN_EMPTY_BODY = YES;
				CLANG_WARN_ENUM_CONVERSION = YES;
				CLANG_WARN_INFINITE_RECURSION = YES;
				CLANG_WARN_INT_CONVERSION = YES;
				CLANG_WARN_NON_LITERAL_NULL_CONVERSION = YES;
				CLANG_WARN_OBJC_IMPLICIT_RETAIN_SELF = YES;
				CLANG_WARN_OBJC_LITERAL_CONVERSION = YES;
				CLANG_WARN_OBJC_ROOT_CLASS = YES_ERROR;
				CLANG_WARN_RANGE_LOOP_ANALYSIS = YES;
				CLANG_WARN_STRICT_PROTOTYPES = YES;
				CLANG_WARN_SUSPICIOUS_MOVE = YES;
				CLANG_WARN_UNGUARDED_AVAILABILITY = YES_AGGRESSIVE;
				CLANG_WARN_UNREACHABLE_CODE = YES;
				CLANG_WARN__DUPLICATE_METHOD_MATCH = YES;
				CODE_SIGN_IDENTITY = "iPhone Developer";
				COPY_PHASE_STRIP = NO;
				DEBUG_INFORMATION_FORMAT = dwarf;
				ENABLE_STRICT_OBJC_MSGSEND = YES;
				ENABLE_TESTABILITY = YES;
				GCC_C_LANGUAGE_STANDARD = gnu11;
				GCC_DYNAMIC_NO_PIC = NO;
				GCC_NO_COMMON_BLOCKS = YES;
				GCC_OPTIMIZATION_LEVEL = 0;
				GCC_PREPROCESSOR_DEFINITIONS = (
					"DEBUG=1",
					"$(inherited)",
				);
				GCC_WARN_64_TO_32_BIT_CONVERSION = YES;
				GCC_WARN_ABOUT_RETURN_TYPE = YES_ERROR;
				GCC_WARN_UNDECLARED_SELECTOR = YES;
				GCC_WARN_UNINITIALIZED_AUTOS = YES_AGGRESSIVE;
				GCC_WARN_UNUSED_FUNCTION = YES;
				GCC_WARN_UNUSED_VARIABLE = YES;
				IPHONEOS_DEPLOYMENT_TARGET = 9.0;
				MTL_ENABLE_DEBUG_INFO = INCLUDE_SOURCE;
				MTL_FAST_MATH = YES;
				ONLY_ACTIVE_ARCH = YES;
				SDKROOT = iphoneos;
				SWIFT_ACTIVE_COMPILATION_CONDITIONS = "DEBUG TEST";
				SWIFT_OPTIMIZATION_LEVEL = "-Onone";
			};
			name = Test;
		};
		17BDA44422A706F70044792D /* Test */ = {
			isa = XCBuildConfiguration;
			buildSettings = {
				ASSETCATALOG_COMPILER_APPICON_NAME = AppIcon;
				CODE_SIGN_STYLE = Automatic;
				DEVELOPMENT_TEAM = LNGFCK45YW;
				FRAMEWORK_SEARCH_PATHS = (
					"$(inherited)",
					"$(PROJECT_DIR)/Carthage/Build/iOS",
				);
				INFOPLIST_FILE = "$(SRCROOT)/Lodjinha/SupportingFiles/Info.plist";
				IPHONEOS_DEPLOYMENT_TARGET = 9.0;
				LD_RUNPATH_SEARCH_PATHS = (
					"$(inherited)",
					"@executable_path/Frameworks",
				);
				PRODUCT_BUNDLE_IDENTIFIER = br.com.bayma.Lodjinha;
				PRODUCT_NAME = "$(TARGET_NAME)";
				SWIFT_VERSION = 5.0;
				TARGETED_DEVICE_FAMILY = "1,2";
			};
			name = Test;
		};
		17BDA44522A706F70044792D /* Test */ = {
			isa = XCBuildConfiguration;
			buildSettings = {
				BUNDLE_LOADER = "$(TEST_HOST)";
				CODE_SIGN_STYLE = Automatic;
				DEVELOPMENT_TEAM = LNGFCK45YW;
				FRAMEWORK_SEARCH_PATHS = (
					"$(inherited)",
					"$(PROJECT_DIR)/Carthage/Build/iOS",
				);
				INFOPLIST_FILE = LodjinhaTests/Info.plist;
				IPHONEOS_DEPLOYMENT_TARGET = 12.2;
				LD_RUNPATH_SEARCH_PATHS = (
					"$(inherited)",
					"@executable_path/Frameworks",
					"@loader_path/Frameworks",
				);
				PRODUCT_BUNDLE_IDENTIFIER = br.com.bayma.LodjinhaTests;
				PRODUCT_NAME = "$(TARGET_NAME)";
				SWIFT_VERSION = 5.0;
				TARGETED_DEVICE_FAMILY = "1,2";
				TEST_HOST = "$(BUILT_PRODUCTS_DIR)/Lodjinha.app/Lodjinha";
			};
			name = Test;
		};
/* End XCBuildConfiguration section */

/* Begin XCConfigurationList section */
		17A940EF22A56834004B9054 /* Build configuration list for PBXProject "Lodjinha" */ = {
			isa = XCConfigurationList;
			buildConfigurations = (
				17A9410422A56836004B9054 /* Debug */,
				17BDA44322A706F70044792D /* Test */,
				17A9410522A56836004B9054 /* Release */,
			);
			defaultConfigurationIsVisible = 0;
			defaultConfigurationName = Release;
		};
		17A9410622A56836004B9054 /* Build configuration list for PBXNativeTarget "Lodjinha" */ = {
			isa = XCConfigurationList;
			buildConfigurations = (
				17A9410722A56836004B9054 /* Debug */,
				17BDA44422A706F70044792D /* Test */,
				17A9410822A56836004B9054 /* Release */,
			);
			defaultConfigurationIsVisible = 0;
			defaultConfigurationName = Release;
		};
		17BDA42B22A6F4190044792D /* Build configuration list for PBXNativeTarget "LodjinhaTests" */ = {
			isa = XCConfigurationList;
			buildConfigurations = (
				17BDA42C22A6F4190044792D /* Debug */,
				17BDA44522A706F70044792D /* Test */,
				17BDA42D22A6F4190044792D /* Release */,
			);
			defaultConfigurationIsVisible = 0;
			defaultConfigurationName = Release;
		};
/* End XCConfigurationList section */
	};
	rootObject = 17A940EC22A56834004B9054 /* Project object */;
}
